// !$*UTF8*$!
{
	archiveVersion = 1;
	classes = {
	};
	objectVersion = 46;
	objects = {

/* Begin PBXBuildFile section */
		FED4E9601F2C315F00C5DACC /* AppDelegate.swift in Sources */ = {isa = PBXBuildFile; fileRef = FED4E95F1F2C315F00C5DACC /* AppDelegate.swift */; };
		FED4E9621F2C315F00C5DACC /* ViewController.swift in Sources */ = {isa = PBXBuildFile; fileRef = FED4E9611F2C315F00C5DACC /* ViewController.swift */; };
		FED4E9651F2C315F00C5DACC /* Main.storyboard in Resources */ = {isa = PBXBuildFile; fileRef = FED4E9631F2C315F00C5DACC /* Main.storyboard */; };
		FED4E9681F2C315F00C5DACC /* Sound_Board.xcdatamodeld in Sources */ = {isa = PBXBuildFile; fileRef = FED4E9661F2C315F00C5DACC /* Sound_Board.xcdatamodeld */; };
		FED4E96A1F2C315F00C5DACC /* Assets.xcassets in Resources */ = {isa = PBXBuildFile; fileRef = FED4E9691F2C315F00C5DACC /* Assets.xcassets */; };
		FED4E96D1F2C315F00C5DACC /* LaunchScreen.storyboard in Resources */ = {isa = PBXBuildFile; fileRef = FED4E96B1F2C315F00C5DACC /* LaunchScreen.storyboard */; };
		FED4E9751F2C361200C5DACC /* AddSoundViewController.swift in Sources */ = {isa = PBXBuildFile; fileRef = FED4E9741F2C361200C5DACC /* AddSoundViewController.swift */; };
/* End PBXBuildFile section */

/* Begin PBXFileReference section */
		FED4E95C1F2C315F00C5DACC /* Sound Board.app */ = {isa = PBXFileReference; explicitFileType = wrapper.application; includeInIndex = 0; path = "Sound Board.app"; sourceTree = BUILT_PRODUCTS_DIR; };
		FED4E95F1F2C315F00C5DACC /* AppDelegate.swift */ = {isa = PBXFileReference; lastKnownFileType = sourcecode.swift; path = AppDelegate.swift; sourceTree = "<group>"; };
		FED4E9611F2C315F00C5DACC /* ViewController.swift */ = {isa = PBXFileReference; lastKnownFileType = sourcecode.swift; path = ViewController.swift; sourceTree = "<group>"; };
		FED4E9641F2C315F00C5DACC /* Base */ = {isa = PBXFileReference; lastKnownFileType = file.storyboard; name = Base; path = Base.lproj/Main.storyboard; sourceTree = "<group>"; };
		FED4E9671F2C315F00C5DACC /* Sound_Board.xcdatamodel */ = {isa = PBXFileReference; lastKnownFileType = wrapper.xcdatamodel; path = Sound_Board.xcdatamodel; sourceTree = "<group>"; };
		FED4E9691F2C315F00C5DACC /* Assets.xcassets */ = {isa = PBXFileReference; lastKnownFileType = folder.assetcatalog; path = Assets.xcassets; sourceTree = "<group>"; };
		FED4E96C1F2C315F00C5DACC /* Base */ = {isa = PBXFileReference; lastKnownFileType = file.storyboard; name = Base; path = Base.lproj/LaunchScreen.storyboard; sourceTree = "<group>"; };
		FED4E96E1F2C315F00C5DACC /* Info.plist */ = {isa = PBXFileReference; lastKnownFileType = text.plist.xml; path = Info.plist; sourceTree = "<group>"; };
		FED4E9741F2C361200C5DACC /* AddSoundViewController.swift */ = {isa = PBXFileReference; fileEncoding = 4; lastKnownFileType = sourcecode.swift; path = AddSoundViewController.swift; sourceTree = "<group>"; };
/* End PBXFileReference section */

/* Begin PBXFrameworksBuildPhase section */
		FED4E9591F2C315F00C5DACC /* Frameworks */ = {
			isa = PBXFrameworksBuildPhase;
			buildActionMask = 2147483647;
			files = (
			);
			runOnlyForDeploymentPostprocessing = 0;
		};
/* End PBXFrameworksBuildPhase section */

/* Begin PBXGroup section */
		FED4E9531F2C315F00C5DACC = {
			isa = PBXGroup;
			children = (
				FED4E95E1F2C315F00C5DACC /* Sound Board */,
				FED4E95D1F2C315F00C5DACC /* Products */,
			);
			sourceTree = "<group>";
		};
		FED4E95D1F2C315F00C5DACC /* Products */ = {
			isa = PBXGroup;
			children = (
				FED4E95C1F2C315F00C5DACC /* Sound Board.app */,
			);
			name = Products;
			sourceTree = "<group>";
		};
		FED4E95E1F2C315F00C5DACC /* Sound Board */ = {
			isa = PBXGroup;
			children = (
				FED4E95F1F2C315F00C5DACC /* AppDelegate.swift */,
				FED4E9611F2C315F00C5DACC /* ViewController.swift */,
				FED4E9741F2C361200C5DACC /* AddSoundViewController.swift */,
				FED4E9631F2C315F00C5DACC /* Main.storyboard */,
				FED4E9691F2C315F00C5DACC /* Assets.xcassets */,
				FED4E96B1F2C315F00C5DACC /* LaunchScreen.storyboard */,
				FED4E96E1F2C315F00C5DACC /* Info.plist */,
				FED4E9661F2C315F00C5DACC /* Sound_Board.xcdatamodeld */,
			);
			path = "Sound Board";
			sourceTree = "<group>";
		};
/* End PBXGroup section */

/* Begin PBXNativeTarget section */
		FED4E95B1F2C315F00C5DACC /* Sound Board */ = {
			isa = PBXNativeTarget;
			buildConfigurationList = FED4E9711F2C315F00C5DACC /* Build configuration list for PBXNativeTarget "Sound Board" */;
			buildPhases = (
				FED4E9581F2C315F00C5DACC /* Sources */,
				FED4E9591F2C315F00C5DACC /* Frameworks */,
				FED4E95A1F2C315F00C5DACC /* Resources */,
			);
			buildRules = (
			);
			dependencies = (
			);
			name = "Sound Board";
			productName = "Sound Board";
			productReference = FED4E95C1F2C315F00C5DACC /* Sound Board.app */;
			productType = "com.apple.product-type.application";
		};
/* End PBXNativeTarget section */

/* Begin PBXProject section */
		FED4E9541F2C315F00C5DACC /* Project object */ = {
			isa = PBXProject;
			attributes = {
				LastSwiftUpdateCheck = 0830;
				LastUpgradeCheck = 0830;
				ORGANIZATIONNAME = "Trent Stevens";
				TargetAttributes = {
					FED4E95B1F2C315F00C5DACC = {
						CreatedOnToolsVersion = 8.3.3;
						DevelopmentTeam = N7K36EUXB9;
						ProvisioningStyle = Automatic;
					};
				};
			};
			buildConfigurationList = FED4E9571F2C315F00C5DACC /* Build configuration list for PBXProject "Sound Board" */;
			compatibilityVersion = "Xcode 3.2";
			developmentRegion = English;
			hasScannedForEncodings = 0;
			knownRegions = (
				en,
				Base,
			);
			mainGroup = FED4E9531F2C315F00C5DACC;
			productRefGroup = FED4E95D1F2C315F00C5DACC /* Products */;
			projectDirPath = "";
			projectRoot = "";
			targets = (
				FED4E95B1F2C315F00C5DACC /* Sound Board */,
			);
		};
/* End PBXProject section */

/* Begin PBXResourcesBuildPhase section */
		FED4E95A1F2C315F00C5DACC /* Resources */ = {
			isa = PBXResourcesBuildPhase;
			buildActionMask = 2147483647;
			files = (
				FED4E96D1F2C315F00C5DACC /* LaunchScreen.storyboard in Resources */,
				FED4E96A1F2C315F00C5DACC /* Assets.xcassets in Resources */,
				FED4E9651F2C315F00C5DACC /* Main.storyboard in Resources */,
			);
			runOnlyForDeploymentPostprocessing = 0;
		};
/* End PBXResourcesBuildPhase section */

/* Begin PBXSourcesBuildPhase section */
		FED4E9581F2C315F00C5DACC /* Sources */ = {
			isa = PBXSourcesBuildPhase;
			buildActionMask = 2147483647;
			files = (
				FED4E9751F2C361200C5DACC /* AddSoundViewController.swift in Sources */,
				FED4E9681F2C315F00C5DACC /* Sound_Board.xcdatamodeld in Sources */,
				FED4E9621F2C315F00C5DACC /* ViewController.swift in Sources */,
				FED4E9601F2C315F00C5DACC /* AppDelegate.swift in Sources */,
			);
			runOnlyForDeploymentPostprocessing = 0;
		};
/* End PBXSourcesBuildPhase section */

/* Begin PBXVariantGroup section */
		FED4E9631F2C315F00C5DACC /* Main.storyboard */ = {
			isa = PBXVariantGroup;
			children = (
				FED4E9641F2C315F00C5DACC /* Base */,
			);
			name = Main.storyboard;
			sourceTree = "<group>";
		};
		FED4E96B1F2C315F00C5DACC /* LaunchScreen.storyboard */ = {
			isa = PBXVariantGroup;
			children = (
				FED4E96C1F2C315F00C5DACC /* Base */,
			);
			name = LaunchScreen.storyboard;
			sourceTree = "<group>";
		};
/* End PBXVariantGroup section */

/* Begin XCBuildConfiguration section */
		FED4E96F1F2C315F00C5DACC /* Debug */ = {
			isa = XCBuildConfiguration;
			buildSettings = {
				ALWAYS_SEARCH_USER_PATHS = NO;
				CLANG_ANALYZER_NONNULL = YES;
				CLANG_ANALYZER_NUMBER_OBJECT_CONVERSION = YES_AGGRESSIVE;
				CLANG_CXX_LANGUAGE_STANDARD = "gnu++0x";
				CLANG_CXX_LIBRARY = "libc++";
				CLANG_ENABLE_MODULES = YES;
				CLANG_ENABLE_OBJC_ARC = YES;
				CLANG_WARN_BOOL_CONVERSION = YES;
				CLANG_WARN_CONSTANT_CONVERSION = YES;
				CLANG_WARN_DIRECT_OBJC_ISA_USAGE = YES_ERROR;
				CLANG_WARN_DOCUMENTATION_COMMENTS = YES;
				CLANG_WARN_EMPTY_BODY = YES;
				CLANG_WARN_ENUM_CONVERSION = YES;
				CLANG_WARN_INFINITE_RECURSION = YES;
				CLANG_WARN_INT_CONVERSION = YES;
				CLANG_WARN_OBJC_ROOT_CLASS = YES_ERROR;
				CLANG_WARN_SUSPICIOUS_MOVE = YES;
				CLANG_WARN_UNREACHABLE_CODE = YES;
				CLANG_WARN__DUPLICATE_METHOD_MATCH = YES;
				"CODE_SIGN_IDENTITY[sdk=iphoneos*]" = "iPhone Developer";
				COPY_PHASE_STRIP = NO;
				DEBUG_INFORMATION_FORMAT = dwarf;
				ENABLE_STRICT_OBJC_MSGSEND = YES;
				ENABLE_TESTABILITY = YES;
				GCC_C_LANGUAGE_STANDARD = gnu99;
				GCC_DYNAMIC_NO_PIC = NO;
				GCC_NO_COMMON_BLOCKS = YES;
				GCC_OPTIMIZATION_LEVEL = 0;
				GCC_PREPROCESSOR_DEFINITIONS = (
					"DEBUG=1",
					"$(inherited)",
				);
				GCC_WARN_64_TO_32_BIT_CONVERSION = YES;
				GCC_WARN_ABOUT_RETURN_TYPE = YES_ERROR;
				GCC_WARN_UNDECLARED_SELECTOR = YES;
				GCC_WARN_UNINITIALIZED_AUTOS = YES_AGGRESSIVE;
				GCC_WARN_UNUSED_FUNCTION = YES;
				GCC_WARN_UNUSED_VARIABLE = YES;
				IPHONEOS_DEPLOYMENT_TARGET = 10.3;
				MTL_ENABLE_DEBUG_INFO = YES;
				ONLY_ACTIVE_ARCH = YES;
				SDKROOT = iphoneos;
				SWIFT_ACTIVE_COMPILATION_CONDITIONS = DEBUG;
				SWIFT_OPTIMIZATION_LEVEL = "-Onone";
				TARGETED_DEVICE_FAMILY = "1,2";
			};
			name = Debug;
		};
		FED4E9701F2C315F00C5DACC /* Release */ = {
			isa = XCBuildConfiguration;
			buildSettings = {
				ALWAYS_SEARCH_USER_PATHS = NO;
				CLANG_ANALYZER_NONNULL = YES;
				CLANG_ANALYZER_NUMBER_OBJECT_CONVERSION = YES_AGGRESSIVE;
				CLANG_CXX_LANGUAGE_STANDARD = "gnu++0x";
				CLANG_CXX_LIBRARY = "libc++";
				CLANG_ENABLE_MODULES = YES;
				CLANG_ENABLE_OBJC_ARC = YES;
				CLANG_WARN_BOOL_CONVERSION = YES;
				CLANG_WARN_CONSTANT_CONVERSION = YES;
				CLANG_WARN_DIRECT_OBJC_ISA_USAGE = YES_ERROR;
				CLANG_WARN_DOCUMENTATION_COMMENTS = YES;
				CLANG_WARN_EMPTY_BODY = YES;
				CLANG_WARN_ENUM_CONVERSION = YES;
				CLANG_WARN_INFINITE_RECURSION = YES;
				CLANG_WARN_INT_CONVERSION = YES;
				CLANG_WARN_OBJC_ROOT_CLASS = YES_ERROR;
				CLANG_WARN_SUSPICIOUS_MOVE = YES;
				CLANG_WARN_UNREACHABLE_CODE = YES;
				CLANG_WARN__DUPLICATE_METHOD_MATCH = YES;
				"CODE_SIGN_IDENTITY[sdk=iphoneos*]" = "iPhone Developer";
				COPY_PHASE_STRIP = NO;
				DEBUG_INFORMATION_FORMAT = "dwarf-with-dsym";
				ENABLE_NS_ASSERTIONS = NO;
				ENABLE_STRICT_OBJC_MSGSEND = YES;
				GCC_C_LANGUAGE_STANDARD = gnu99;
				GCC_NO_COMMON_BLOCKS = YES;
				GCC_WARN_64_TO_32_BIT_CONVERSION = YES;
				GCC_WARN_ABOUT_RETURN_TYPE = YES_ERROR;
				GCC_WARN_UNDECLARED_SELECTOR = YES;
				GCC_WARN_UNINITIALIZED_AUTOS = YES_AGGRESSIVE;
				GCC_WARN_UNUSED_FUNCTION = YES;
				GCC_WARN_UNUSED_VARIABLE = YES;
				IPHONEOS_DEPLOYMENT_TARGET = 10.3;
				MTL_ENABLE_DEBUG_INFO = NO;
				SDKROOT = iphoneos;
				SWIFT_OPTIMIZATION_LEVEL = "-Owholemodule";
				TARGETED_DEVICE_FAMILY = "1,2";
				VALIDATE_PRODUCT = YES;
			};
			name = Release;
		};
		FED4E9721F2C315F00C5DACC /* Debug */ = {
			isa = XCBuildConfiguration;
			buildSettings = {
				ASSETCATALOG_COMPILER_APPICON_NAME = AppIcon;
				DEVELOPMENT_TEAM = N7K36EUXB9;
				INFOPLIST_FILE = "Sound Board/Info.plist";
				LD_RUNPATH_SEARCH_PATHS = "$(inherited) @executable_path/Frameworks";
				PRODUCT_BUNDLE_IDENTIFIER = "com.trentstevens.Sound-Board";
				PRODUCT_NAME = "$(TARGET_NAME)";
				SWIFT_VERSION = 3.0;
			};
			name = Debug;
		};
		FED4E9731F2C315F00C5DACC /* Release */ = {
			isa = XCBuildConfiguration;
			buildSettings = {
				ASSETCATALOG_COMPILER_APPICON_NAME = AppIcon;
				DEVELOPMENT_TEAM = N7K36EUXB9;
				INFOPLIST_FILE = "Sound Board/Info.plist";
				LD_RUNPATH_SEARCH_PATHS = "$(inherited) @executable_path/Frameworks";
				PRODUCT_BUNDLE_IDENTIFIER = "com.trentstevens.Sound-Board";
				PRODUCT_NAME = "$(TARGET_NAME)";
				SWIFT_VERSION = 3.0;
			};
			name = Release;
		};
/* End XCBuildConfiguration section */

/* Begin XCConfigurationList section */
		FED4E9571F2C315F00C5DACC /* Build configuration list for PBXProject "Sound Board" */ = {
			isa = XCConfigurationList;
			buildConfigurations = (
				FED4E96F1F2C315F00C5DACC /* Debug */,
				FED4E9701F2C315F00C5DACC /* Release */,
			);
			defaultConfigurationIsVisible = 0;
			defaultConfigurationName = Release;
		};
		FED4E9711F2C315F00C5DACC /* Build configuration list for PBXNativeTarget "Sound Board" */ = {
			isa = XCConfigurationList;
			buildConfigurations = (
				FED4E9721F2C315F00C5DACC /* Debug */,
				FED4E9731F2C315F00C5DACC /* Release */,
			);
			defaultConfigurationIsVisible = 0;
		};
/* End XCConfigurationList section */

/* Begin XCVersionGroup section */
		FED4E9661F2C315F00C5DACC /* Sound_Board.xcdatamodeld */ = {
			isa = XCVersionGroup;
			children = (
				FED4E9671F2C315F00C5DACC /* Sound_Board.xcdatamodel */,
			);
			currentVersion = FED4E9671F2C315F00C5DACC /* Sound_Board.xcdatamodel */;
			path = Sound_Board.xcdatamodeld;
			sourceTree = "<group>";
			versionGroupType = wrapper.xcdatamodel;
		};
/* End XCVersionGroup section */
	};
	rootObject = FED4E9541F2C315F00C5DACC /* Project object */;
}
